
Microsoft Visual Studio Solution File, Format Version 12.00
# Visual Studio 15
VisualStudioVersion = 15.0.28307.1684
MinimumVisualStudioVersion = 10.0.40219.1
Project("{FAE04EC0-301F-11D3-BF4B-00C04F79EFBC}") = "Personal_Site", "Personal_Site\Personal_Site.csproj", "{AC60704F-DDE5-4774-ACC4-075331BB037F}"
EndProject
Global
	GlobalSection(SolutionConfigurationPlatforms) = preSolution
		Debug|Any CPU = Debug|Any CPU
		Release|Any CPU = Release|Any CPU
	EndGlobalSection
	GlobalSection(ProjectConfigurationPlatforms) = postSolution
		{AC60704F-DDE5-4774-ACC4-075331BB037F}.Debug|Any CPU.ActiveCfg = Debug|Any CPU
		{AC60704F-DDE5-4774-ACC4-075331BB037F}.Debug|Any CPU.Build.0 = Debug|Any CPU
		{AC60704F-DDE5-4774-ACC4-075331BB037F}.Release|Any CPU.ActiveCfg = Release|Any CPU
		{AC60704F-DDE5-4774-ACC4-075331BB037F}.Release|Any CPU.Build.0 = Release|Any CPU
	EndGlobalSection
	GlobalSection(SolutionProperties) = preSolution
		HideSolutionNode = FALSE
	EndGlobalSection
	GlobalSection(ExtensibilityGlobals) = postSolution
		SolutionGuid = {EB0E1E6F-18C1-433B-8E58-6B00A0245BE7}
	EndGlobalSection
EndGlobal
